<Solution>
  <Folder Name="/Solution Items/">
    <File Path="docker-compose.yml" />
    <File Path="README.md" />
  </Folder>
  <Project Path="AgentFrameworkExample.WebApi/AgentFrameworkExample.WebApi.csproj" Id="174ee52f-02a6-417e-ab4d-7495b53e6c7d" />
  <Project Path="AgentFrameworkExamples.Console/AgentFrameworkExamples.Console.csproj" />
</Solution>
